
Microsoft Visual Studio Solution File, Format Version 12.00
# Visual Studio 15
VisualStudioVersion = 15.0.27703.2026
MinimumVisualStudioVersion = 10.0.40219.1
Project("{8BC9CEB8-8B4A-11D0-8D11-00A0C91BC942}") = "Project8", "Project8\Project8.vcxproj", "{1427BC66-E6D8-40CD-A1C5-CD938B1A1F4D}"
EndProject
Global
	GlobalSection(SolutionConfigurationPlatforms) = preSolution
		Debug|x64 = Debug|x64
		Debug|x86 = Debug|x86
		Release|x64 = Release|x64
		Release|x86 = Release|x86
	EndGlobalSection
	GlobalSection(ProjectConfigurationPlatforms) = postSolution
		{1427BC66-E6D8-40CD-A1C5-CD938B1A1F4D}.Debug|x64.ActiveCfg = Debug|x64
		{1427BC66-E6D8-40CD-A1C5-CD938B1A1F4D}.Debug|x64.Build.0 = Debug|x64
		{1427BC66-E6D8-40CD-A1C5-CD938B1A1F4D}.Debug|x86.ActiveCfg = Debug|Win32
		{1427BC66-E6D8-40CD-A1C5-CD938B1A1F4D}.Debug|x86.Build.0 = Debug|Win32
		{1427BC66-E6D8-40CD-A1C5-CD938B1A1F4D}.Release|x64.ActiveCfg = Release|x64
		{1427BC66-E6D8-40CD-A1C5-CD938B1A1F4D}.Release|x64.Build.0 = Release|x64
		{1427BC66-E6D8-40CD-A1C5-CD938B1A1F4D}.Release|x86.ActiveCfg = Release|Win32
		{1427BC66-E6D8-40CD-A1C5-CD938B1A1F4D}.Release|x86.Build.0 = Release|Win32
	EndGlobalSection
	GlobalSection(SolutionProperties) = preSolution
		HideSolutionNode = FALSE
	EndGlobalSection
	GlobalSection(ExtensibilityGlobals) = postSolution
		SolutionGuid = {0AE62CC3-79BE-414A-8144-6473A8DF26C8}
	EndGlobalSection
EndGlobal
